
Microsoft Visual Studio Solution File, Format Version 12.00
# Visual Studio Version 17
VisualStudioVersion = 17.3.32929.385
MinimumVisualStudioVersion = 10.0.40219.1
Project("{FAE04EC0-301F-11D3-BF4B-00C04F79EFBC}") = "Test", "Test\Test.csproj", "{9CD48843-ACE1-412F-B048-167E4E5739D4}"
EndProject
Project("{FAE04EC0-301F-11D3-BF4B-00C04F79EFBC}") = "HOST", "HOST\HOST.csproj", "{8D02E205-38DC-4B2B-BFDE-1196E71C3BEF}"
EndProject
Project("{FAE04EC0-301F-11D3-BF4B-00C04F79EFBC}") = "client", "client\client.csproj", "{F9827EAC-EC27-4BFA-B7BA-40FA637B23B5}"
EndProject
Global
	GlobalSection(SolutionConfigurationPlatforms) = preSolution
		Debug|Any CPU = Debug|Any CPU
		Release|Any CPU = Release|Any CPU
	EndGlobalSection
	GlobalSection(ProjectConfigurationPlatforms) = postSolution
		{9CD48843-ACE1-412F-B048-167E4E5739D4}.Debug|Any CPU.ActiveCfg = Debug|Any CPU
		{9CD48843-ACE1-412F-B048-167E4E5739D4}.Debug|Any CPU.Build.0 = Debug|Any CPU
		{9CD48843-ACE1-412F-B048-167E4E5739D4}.Release|Any CPU.ActiveCfg = Release|Any CPU
		{9CD48843-ACE1-412F-B048-167E4E5739D4}.Release|Any CPU.Build.0 = Release|Any CPU
		{8D02E205-38DC-4B2B-BFDE-1196E71C3BEF}.Debug|Any CPU.ActiveCfg = Debug|Any CPU
		{8D02E205-38DC-4B2B-BFDE-1196E71C3BEF}.Debug|Any CPU.Build.0 = Debug|Any CPU
		{8D02E205-38DC-4B2B-BFDE-1196E71C3BEF}.Release|Any CPU.ActiveCfg = Release|Any CPU
		{8D02E205-38DC-4B2B-BFDE-1196E71C3BEF}.Release|Any CPU.Build.0 = Release|Any CPU
		{F9827EAC-EC27-4BFA-B7BA-40FA637B23B5}.Debug|Any CPU.ActiveCfg = Debug|Any CPU
		{F9827EAC-EC27-4BFA-B7BA-40FA637B23B5}.Debug|Any CPU.Build.0 = Debug|Any CPU
		{F9827EAC-EC27-4BFA-B7BA-40FA637B23B5}.Release|Any CPU.ActiveCfg = Release|Any CPU
		{F9827EAC-EC27-4BFA-B7BA-40FA637B23B5}.Release|Any CPU.Build.0 = Release|Any CPU
	EndGlobalSection
	GlobalSection(SolutionProperties) = preSolution
		HideSolutionNode = FALSE
	EndGlobalSection
	GlobalSection(ExtensibilityGlobals) = postSolution
		SolutionGuid = {4B2A8CCC-53E1-4158-A935-DAE6BCE2BB1A}
	EndGlobalSection
EndGlobal
